
Microsoft Visual Studio Solution File, Format Version 12.00
# Visual Studio Version 16
VisualStudioVersion = 16.0.30523.141
MinimumVisualStudioVersion = 10.0.40219.1
Project("{FAE04EC0-301F-11D3-BF4B-00C04F79EFBC}") = "SwiatAlkoholi", "SwiatAlkoholi\SwiatAlkoholi.csproj", "{D2CA0212-F75C-4069-BCD0-58077C334CB6}"
EndProject
Global
	GlobalSection(SolutionConfigurationPlatforms) = preSolution
		Debug|Any CPU = Debug|Any CPU
		Release|Any CPU = Release|Any CPU
	EndGlobalSection
	GlobalSection(ProjectConfigurationPlatforms) = postSolution
		{D2CA0212-F75C-4069-BCD0-58077C334CB6}.Debug|Any CPU.ActiveCfg = Debug|Any CPU
		{D2CA0212-F75C-4069-BCD0-58077C334CB6}.Debug|Any CPU.Build.0 = Debug|Any CPU
		{D2CA0212-F75C-4069-BCD0-58077C334CB6}.Release|Any CPU.ActiveCfg = Release|Any CPU
		{D2CA0212-F75C-4069-BCD0-58077C334CB6}.Release|Any CPU.Build.0 = Release|Any CPU
	EndGlobalSection
	GlobalSection(SolutionProperties) = preSolution
		HideSolutionNode = FALSE
	EndGlobalSection
	GlobalSection(ExtensibilityGlobals) = postSolution
		SolutionGuid = {06FA670B-7B53-40FB-8739-52BD40200B64}
	EndGlobalSection
EndGlobal
